
Microsoft Visual Studio Solution File, Format Version 12.00
# Visual Studio Version 17
VisualStudioVersion = 17.2.32516.85
MinimumVisualStudioVersion = 10.0.40219.1
Project("{FAE04EC0-301F-11D3-BF4B-00C04F79EFBC}") = "Business", "Business\Business.csproj", "{797F7AD2-F35D-4439-BF55-658A6B3E7492}"
EndProject
Project("{FAE04EC0-301F-11D3-BF4B-00C04F79EFBC}") = "Core", "Core\Core.csproj", "{97BA2A85-556E-4D57-B28C-E9217EBABF1F}"
EndProject
Project("{FAE04EC0-301F-11D3-BF4B-00C04F79EFBC}") = "DataAccess", "DataAccess\DataAccess.csproj", "{8461D141-8437-4E3F-B7C9-0FB7814DFDF0}"
EndProject
Project("{FAE04EC0-301F-11D3-BF4B-00C04F79EFBC}") = "Entities", "Entities\Entities.csproj", "{94F42471-8C9D-4247-BE8C-52E651C88BE4}"
EndProject
Project("{FAE04EC0-301F-11D3-BF4B-00C04F79EFBC}") = "WebApi", "WebApi\WebApi.csproj", "{64F4056B-CB7C-4B00-B241-29F1EE443561}"
EndProject
Global
	GlobalSection(SolutionConfigurationPlatforms) = preSolution
		Debug|Any CPU = Debug|Any CPU
		Release|Any CPU = Release|Any CPU
	EndGlobalSection
	GlobalSection(ProjectConfigurationPlatforms) = postSolution
		{797F7AD2-F35D-4439-BF55-658A6B3E7492}.Debug|Any CPU.ActiveCfg = Debug|Any CPU
		{797F7AD2-F35D-4439-BF55-658A6B3E7492}.Debug|Any CPU.Build.0 = Debug|Any CPU
		{797F7AD2-F35D-4439-BF55-658A6B3E7492}.Release|Any CPU.ActiveCfg = Release|Any CPU
		{797F7AD2-F35D-4439-BF55-658A6B3E7492}.Release|Any CPU.Build.0 = Release|Any CPU
		{97BA2A85-556E-4D57-B28C-E9217EBABF1F}.Debug|Any CPU.ActiveCfg = Debug|Any CPU
		{97BA2A85-556E-4D57-B28C-E9217EBABF1F}.Debug|Any CPU.Build.0 = Debug|Any CPU
		{97BA2A85-556E-4D57-B28C-E9217EBABF1F}.Release|Any CPU.ActiveCfg = Release|Any CPU
		{97BA2A85-556E-4D57-B28C-E9217EBABF1F}.Release|Any CPU.Build.0 = Release|Any CPU
		{8461D141-8437-4E3F-B7C9-0FB7814DFDF0}.Debug|Any CPU.ActiveCfg = Debug|Any CPU
		{8461D141-8437-4E3F-B7C9-0FB7814DFDF0}.Debug|Any CPU.Build.0 = Debug|Any CPU
		{8461D141-8437-4E3F-B7C9-0FB7814DFDF0}.Release|Any CPU.ActiveCfg = Release|Any CPU
		{8461D141-8437-4E3F-B7C9-0FB7814DFDF0}.Release|Any CPU.Build.0 = Release|Any CPU
		{94F42471-8C9D-4247-BE8C-52E651C88BE4}.Debug|Any CPU.ActiveCfg = Debug|Any CPU
		{94F42471-8C9D-4247-BE8C-52E651C88BE4}.Debug|Any CPU.Build.0 = Debug|Any CPU
		{94F42471-8C9D-4247-BE8C-52E651C88BE4}.Release|Any CPU.ActiveCfg = Release|Any CPU
		{94F42471-8C9D-4247-BE8C-52E651C88BE4}.Release|Any CPU.Build.0 = Release|Any CPU
		{64F4056B-CB7C-4B00-B241-29F1EE443561}.Debug|Any CPU.ActiveCfg = Debug|Any CPU
		{64F4056B-CB7C-4B00-B241-29F1EE443561}.Debug|Any CPU.Build.0 = Debug|Any CPU
		{64F4056B-CB7C-4B00-B241-29F1EE443561}.Release|Any CPU.ActiveCfg = Release|Any CPU
		{64F4056B-CB7C-4B00-B241-29F1EE443561}.Release|Any CPU.Build.0 = Release|Any CPU
	EndGlobalSection
	GlobalSection(SolutionProperties) = preSolution
		HideSolutionNode = FALSE
	EndGlobalSection
	GlobalSection(ExtensibilityGlobals) = postSolution
		SolutionGuid = {F7F7B630-5A70-41AC-A826-DE2F5A5881EC}
	EndGlobalSection
EndGlobal
